{"projectHash":"b4bc2932aab2a9cb52f52023117fcc714e520f57","productModuleName":"Condor_TheMoviesAppTests","mockedTypeNames":["\/Users\/diegoochoa\/Documents\/test\/condor\/Condor.TheMoviesApp\/Condor.TheMoviesApp\/DetailsMoviesViewController.swift",[],"\/Users\/diegoochoa\/Documents\/test\/condor\/Condor.TheMoviesApp\/Condor.TheMoviesApp\/Extensions.swift",[],"\/Users\/diegoochoa\/Documents\/test\/condor\/Condor.TheMoviesApp\/Condor.TheMoviesApp\/MoviesService.swift",[],"\/Users\/diegoochoa\/Documents\/test\/condor\/Condor.TheMoviesApp\/Condor.TheMoviesApp\/MoviesServiceProtocol.swift",[],"\/Users\/diegoochoa\/Documents\/test\/condor\/Condor.TheMoviesApp\/Condor.TheMoviesApp\/Constants.swift",[],"\/Users\/diegoochoa\/Documents\/test\/condor\/Condor.TheMoviesApp\/Condor.TheMoviesApp\/LocalMovieViewController.swift",[],"\/Users\/diegoochoa\/Documents\/test\/condor\/Condor.TheMoviesApp\/Condor.TheMoviesApp\/CustomMovieTableViewCell.swift",[],"\/Users\/diegoochoa\/Documents\/test\/condor\/Condor.TheMoviesApp\/Condor.TheMoviesApp\/MoviesViewController+Extension.swift",[],"\/Users\/diegoochoa\/Documents\/test\/condor\/Condor.TheMoviesApp\/Condor.TheMoviesApp\/LocalMovieViewController+Extension.swift",[],"\/Users\/diegoochoa\/Documents\/test\/condor\/Condor.TheMoviesApp\/Condor.TheMoviesApp\/Movies.swift",[],"\/Users\/diegoochoa\/Documents\/test\/condor\/Condor.TheMoviesApp\/Condor.TheMoviesApp\/MoviesBDRepository.swift",[],"\/Users\/diegoochoa\/Documents\/test\/condor\/Condor.TheMoviesApp\/Condor.TheMoviesAppTests\/Condor_TheMoviesAppTests.swift",[],"\/Users\/diegoochoa\/Documents\/test\/condor\/Condor.TheMoviesApp\/Condor.TheMoviesApp\/LocalMoviesViewModel.swift",[],"\/Users\/diegoochoa\/Documents\/test\/condor\/Condor.TheMoviesApp\/Condor.TheMoviesApp\/MoviesApiRepositoryProtocol.swift",[],"\/Users\/diegoochoa\/Documents\/test\/condor\/Condor.TheMoviesApp\/Condor.TheMoviesApp\/MoviesApiRepository.swift",[],"\/Users\/diegoochoa\/Documents\/test\/condor\/Condor.TheMoviesApp\/Condor.TheMoviesAppTests\/MoviesViewModelTest.swift",["MoviesBDRepositoryProtocol","MoviesService","MoviesApiRepositoryProtocol"],"\/Users\/diegoochoa\/Documents\/test\/condor\/Condor.TheMoviesApp\/Condor.TheMoviesApp\/MoviesBDRepositoryProtocol.swift",[],"\/Users\/diegoochoa\/Documents\/test\/condor\/Condor.TheMoviesApp\/Condor.TheMoviesApp\/MoviesViewController.swift",[],"\/Users\/diegoochoa\/Documents\/test\/condor\/Condor.TheMoviesApp\/Condor.TheMoviesApp\/ViewModelProtocol.swift",[],"\/Users\/diegoochoa\/Documents\/test\/condor\/Condor.TheMoviesApp\/Condor.TheMoviesApp\/DetailsMoviesViewModel.swift",[],"\/Users\/diegoochoa\/Documents\/test\/condor\/Condor.TheMoviesApp\/Condor.TheMoviesApp\/MoviesViewModel.swift",[]],"cliVersion":"0.20.0","sourceFilePaths":[{"path":"\/Users\/diegoochoa\/Documents\/test\/condor\/Condor.TheMoviesApp\/Condor.TheMoviesApp\/Constants.swift","hash":"d949373e3411aa00e0e99e682e06afa624a3997c"},{"path":"\/Users\/diegoochoa\/Documents\/test\/condor\/Condor.TheMoviesApp\/Condor.TheMoviesApp\/CustomMovieTableViewCell.swift","hash":"fd1e16ac9a46b1eff1f79dbfda2153def1770f73"},{"path":"\/Users\/diegoochoa\/Documents\/test\/condor\/Condor.TheMoviesApp\/Condor.TheMoviesApp\/DetailsMoviesViewController.swift","hash":"93dbc92f4ac02f9a16c883b14cd5cea88ea183b7"},{"path":"\/Users\/diegoochoa\/Documents\/test\/condor\/Condor.TheMoviesApp\/Condor.TheMoviesApp\/DetailsMoviesViewModel.swift","hash":"7f55d741ac24d96a0cbbb2068896ffc2f844fd39"},{"path":"\/Users\/diegoochoa\/Documents\/test\/condor\/Condor.TheMoviesApp\/Condor.TheMoviesApp\/Extensions.swift","hash":"bcb2ce2392b27fd079a57a5ca022fe1d0f5ee342"},{"path":"\/Users\/diegoochoa\/Documents\/test\/condor\/Condor.TheMoviesApp\/Condor.TheMoviesApp\/LocalMovieViewController+Extension.swift","hash":"036a1052513adf2b0f1f19a15fd12c79efa7cc72"},{"path":"\/Users\/diegoochoa\/Documents\/test\/condor\/Condor.TheMoviesApp\/Condor.TheMoviesApp\/LocalMovieViewController.swift","hash":"ead310b1c256a83a00b391a9fe93ab0312f5f6a1"},{"path":"\/Users\/diegoochoa\/Documents\/test\/condor\/Condor.TheMoviesApp\/Condor.TheMoviesApp\/LocalMoviesViewModel.swift","hash":"623dd7bb23b028da44ed441e4d04d2bbb664748f"},{"path":"\/Users\/diegoochoa\/Documents\/test\/condor\/Condor.TheMoviesApp\/Condor.TheMoviesApp\/Movies.swift","hash":"35d016819f1b7cbac012ca7a3390b8fa1760ab74"},{"path":"\/Users\/diegoochoa\/Documents\/test\/condor\/Condor.TheMoviesApp\/Condor.TheMoviesApp\/MoviesApiRepository.swift","hash":"98d4a1a9da62222811101b117dfb5a7707dc1e08"},{"path":"\/Users\/diegoochoa\/Documents\/test\/condor\/Condor.TheMoviesApp\/Condor.TheMoviesApp\/MoviesApiRepositoryProtocol.swift","hash":"e918a99514b5d46856a18da1303b1d99d40f636f"},{"path":"\/Users\/diegoochoa\/Documents\/test\/condor\/Condor.TheMoviesApp\/Condor.TheMoviesApp\/MoviesBDRepository.swift","hash":"e46cc30b96b1986a088021a0bb69aff526e54233"},{"path":"\/Users\/diegoochoa\/Documents\/test\/condor\/Condor.TheMoviesApp\/Condor.TheMoviesApp\/MoviesBDRepositoryProtocol.swift","hash":"cbf0837a5411bfce3638bfc45b397c8123d2fbcf"},{"path":"\/Users\/diegoochoa\/Documents\/test\/condor\/Condor.TheMoviesApp\/Condor.TheMoviesApp\/MoviesService.swift","hash":"e19c06d118a8fae1d3bb37f44a1ceb4d50daf40e"},{"path":"\/Users\/diegoochoa\/Documents\/test\/condor\/Condor.TheMoviesApp\/Condor.TheMoviesApp\/MoviesServiceProtocol.swift","hash":"d4b9f5e40498ea213d3fe38ee7da735657307b43"},{"path":"\/Users\/diegoochoa\/Documents\/test\/condor\/Condor.TheMoviesApp\/Condor.TheMoviesApp\/MoviesViewController+Extension.swift","hash":"450cf0f031fc43f4e4fe6d2c8e9b24c482f501ab"},{"path":"\/Users\/diegoochoa\/Documents\/test\/condor\/Condor.TheMoviesApp\/Condor.TheMoviesApp\/MoviesViewController.swift","hash":"aa29c23e4142e206b0b0d8c7e3a27010f311e855"},{"path":"\/Users\/diegoochoa\/Documents\/test\/condor\/Condor.TheMoviesApp\/Condor.TheMoviesApp\/MoviesViewModel.swift","hash":"09f2f73d0c45115cd8e6f0a34e0ab862dd913a16"},{"path":"\/Users\/diegoochoa\/Documents\/test\/condor\/Condor.TheMoviesApp\/Condor.TheMoviesApp\/ViewModelProtocol.swift","hash":"7f1f532ff15863ecaf20fc6169f197b70ef46161"},{"path":"\/Users\/diegoochoa\/Documents\/test\/condor\/Condor.TheMoviesApp\/Condor.TheMoviesAppTests\/Condor_TheMoviesAppTests.swift","hash":"99d1137a049c46434629a0d26953aa964a54ffd4"},{"path":"\/Users\/diegoochoa\/Documents\/test\/condor\/Condor.TheMoviesApp\/Condor.TheMoviesAppTests\/MoviesViewModelTest.swift","hash":"3168629fe796280d78f5bbced379091597d4e0c7"},{"path":"\/Users\/diegoochoa\/Documents\/test\/condor\/Condor.TheMoviesApp\/MockingbirdMocks\/Condor_TheMoviesAppTests-Condor_TheMoviesAppMocks.generated.swift","hash":"2ae2b0eb42814bd815c04ad8c5e995a49e6e3ac6"}],"sourceRoot":"\/Users\/diegoochoa\/Documents\/test\/condor\/Condor.TheMoviesApp","dependencies":[],"name":"Condor.TheMoviesAppTests"}