{"cliVersion":"0.20.0","productModuleName":"Condor_TheMoviesApp","sourceFilePaths":[{"path":"\/Users\/diegoochoa\/Documents\/test\/condor\/Condor.TheMoviesApp\/Condor.TheMoviesApp\/AppDelegate.swift","hash":"73d4a18e0c2621dae248a9b25ee50d8924e5f798"},{"path":"\/Users\/diegoochoa\/Documents\/test\/condor\/Condor.TheMoviesApp\/Condor.TheMoviesApp\/Constants.swift","hash":"d949373e3411aa00e0e99e682e06afa624a3997c"},{"path":"\/Users\/diegoochoa\/Documents\/test\/condor\/Condor.TheMoviesApp\/Condor.TheMoviesApp\/CustomMovieTableViewCell.swift","hash":"fd1e16ac9a46b1eff1f79dbfda2153def1770f73"},{"path":"\/Users\/diegoochoa\/Documents\/test\/condor\/Condor.TheMoviesApp\/Condor.TheMoviesApp\/DetailsMoviesViewController.swift","hash":"93dbc92f4ac02f9a16c883b14cd5cea88ea183b7"},{"path":"\/Users\/diegoochoa\/Documents\/test\/condor\/Condor.TheMoviesApp\/Condor.TheMoviesApp\/DetailsMoviesViewModel.swift","hash":"7f55d741ac24d96a0cbbb2068896ffc2f844fd39"},{"path":"\/Users\/diegoochoa\/Documents\/test\/condor\/Condor.TheMoviesApp\/Condor.TheMoviesApp\/Extensions.swift","hash":"bcb2ce2392b27fd079a57a5ca022fe1d0f5ee342"},{"path":"\/Users\/diegoochoa\/Documents\/test\/condor\/Condor.TheMoviesApp\/Condor.TheMoviesApp\/LocalMovieViewController+Extension.swift","hash":"036a1052513adf2b0f1f19a15fd12c79efa7cc72"},{"path":"\/Users\/diegoochoa\/Documents\/test\/condor\/Condor.TheMoviesApp\/Condor.TheMoviesApp\/LocalMovieViewController.swift","hash":"ead310b1c256a83a00b391a9fe93ab0312f5f6a1"},{"path":"\/Users\/diegoochoa\/Documents\/test\/condor\/Condor.TheMoviesApp\/Condor.TheMoviesApp\/LocalMoviesViewModel.swift","hash":"623dd7bb23b028da44ed441e4d04d2bbb664748f"},{"path":"\/Users\/diegoochoa\/Documents\/test\/condor\/Condor.TheMoviesApp\/Condor.TheMoviesApp\/Movies.swift","hash":"35d016819f1b7cbac012ca7a3390b8fa1760ab74"},{"path":"\/Users\/diegoochoa\/Documents\/test\/condor\/Condor.TheMoviesApp\/Condor.TheMoviesApp\/MoviesApiRepository.swift","hash":"98d4a1a9da62222811101b117dfb5a7707dc1e08"},{"path":"\/Users\/diegoochoa\/Documents\/test\/condor\/Condor.TheMoviesApp\/Condor.TheMoviesApp\/MoviesApiRepositoryProtocol.swift","hash":"e918a99514b5d46856a18da1303b1d99d40f636f"},{"path":"\/Users\/diegoochoa\/Documents\/test\/condor\/Condor.TheMoviesApp\/Condor.TheMoviesApp\/MoviesBDRepository.swift","hash":"e46cc30b96b1986a088021a0bb69aff526e54233"},{"path":"\/Users\/diegoochoa\/Documents\/test\/condor\/Condor.TheMoviesApp\/Condor.TheMoviesApp\/MoviesBDRepositoryProtocol.swift","hash":"cbf0837a5411bfce3638bfc45b397c8123d2fbcf"},{"path":"\/Users\/diegoochoa\/Documents\/test\/condor\/Condor.TheMoviesApp\/Condor.TheMoviesApp\/MoviesService.swift","hash":"e19c06d118a8fae1d3bb37f44a1ceb4d50daf40e"},{"path":"\/Users\/diegoochoa\/Documents\/test\/condor\/Condor.TheMoviesApp\/Condor.TheMoviesApp\/MoviesServiceProtocol.swift","hash":"d4b9f5e40498ea213d3fe38ee7da735657307b43"},{"path":"\/Users\/diegoochoa\/Documents\/test\/condor\/Condor.TheMoviesApp\/Condor.TheMoviesApp\/MoviesViewController+Extension.swift","hash":"450cf0f031fc43f4e4fe6d2c8e9b24c482f501ab"},{"path":"\/Users\/diegoochoa\/Documents\/test\/condor\/Condor.TheMoviesApp\/Condor.TheMoviesApp\/MoviesViewController.swift","hash":"aa29c23e4142e206b0b0d8c7e3a27010f311e855"},{"path":"\/Users\/diegoochoa\/Documents\/test\/condor\/Condor.TheMoviesApp\/Condor.TheMoviesApp\/MoviesViewModel.swift","hash":"09f2f73d0c45115cd8e6f0a34e0ab862dd913a16"},{"path":"\/Users\/diegoochoa\/Documents\/test\/condor\/Condor.TheMoviesApp\/Condor.TheMoviesApp\/SceneDelegate.swift","hash":"43de28175982c9649b07ff9d4e2644b9cce3ba40"},{"path":"\/Users\/diegoochoa\/Documents\/test\/condor\/Condor.TheMoviesApp\/Condor.TheMoviesApp\/ViewModelProtocol.swift","hash":"7f1f532ff15863ecaf20fc6169f197b70ef46161"}],"configHash":"0dbc2b6fc118314aaa792613f6def217ea633e4e","dependencyPathsHash":"b267a3aa12a0e44148185035e936802f9dabaf8e","targetPathsHash":"5b88aa9443c4393e2a6a1c9d3b8afd46da3b2b94","mockedTypesHash":"e251910cece8f770a84ad3e892a21aeac11f3892","outputHash":"2ae2b0eb42814bd815c04ad8c5e995a49e6e3ac6","dependencies":[],"sourceRoot":"\/Users\/diegoochoa\/Documents\/test\/condor\/Condor.TheMoviesApp","supportingFilePaths":[{"path":"\/Users\/diegoochoa\/Documents\/test\/condor\/Condor.TheMoviesApp\/MockingbirdSupport\/AppKit\/NSResponder.swift","hash":"21296949c6d570892c8665a450e62c234c938790"},{"path":"\/Users\/diegoochoa\/Documents\/test\/condor\/Condor.TheMoviesApp\/MockingbirdSupport\/AppKit\/NSView.swift","hash":"85b3183be144012a7e105e292426c3d9f8966072"},{"path":"\/Users\/diegoochoa\/Documents\/test\/condor\/Condor.TheMoviesApp\/MockingbirdSupport\/AppKit\/NSViewController.swift","hash":"d8785e8a119f2723c8840534df0ad8ac61409797"},{"path":"\/Users\/diegoochoa\/Documents\/test\/condor\/Condor.TheMoviesApp\/MockingbirdSupport\/Foundation\/ObjectiveC\/NSObject.swift","hash":"cf466772b8c2d80d31f34b93b501b398fbb8854d"},{"path":"\/Users\/diegoochoa\/Documents\/test\/condor\/Condor.TheMoviesApp\/MockingbirdSupport\/Foundation\/ObjectiveC\/NSObject.swift","hash":"cf466772b8c2d80d31f34b93b501b398fbb8854d"},{"path":"\/Users\/diegoochoa\/Documents\/test\/condor\/Condor.TheMoviesApp\/MockingbirdSupport\/Swift\/Codable.swift","hash":"57675d8b36a2db7b093b3542bd3225a88992c3bc"},{"path":"\/Users\/diegoochoa\/Documents\/test\/condor\/Condor.TheMoviesApp\/MockingbirdSupport\/Swift\/Comparable.swift","hash":"d0d110744eeaf2f8fdd2f8a41df3452f35286bb7"},{"path":"\/Users\/diegoochoa\/Documents\/test\/condor\/Condor.TheMoviesApp\/MockingbirdSupport\/Swift\/Equatable.swift","hash":"2e7674f4e23a5ab7aef45b91b63c0ed5934c3b83"},{"path":"\/Users\/diegoochoa\/Documents\/test\/condor\/Condor.TheMoviesApp\/MockingbirdSupport\/Swift\/Hashable.swift","hash":"f59ec249aa03e312f2bda7c3b397c0dccd880a21"},{"path":"\/Users\/diegoochoa\/Documents\/test\/condor\/Condor.TheMoviesApp\/MockingbirdSupport\/Swift\/Misc.swift","hash":"c139249ec5799f1ec64c3d9e7d8c1f286b894035"},{"path":"\/Users\/diegoochoa\/Documents\/test\/condor\/Condor.TheMoviesApp\/MockingbirdSupport\/UIKit\/UIControl.swift","hash":"9363a4c38002598dbbc1198f16fe7198b8151d24"},{"path":"\/Users\/diegoochoa\/Documents\/test\/condor\/Condor.TheMoviesApp\/MockingbirdSupport\/UIKit\/UILabel.swift","hash":"e26a734695bfe008598ed0d8c936683db78f40ac"},{"path":"\/Users\/diegoochoa\/Documents\/test\/condor\/Condor.TheMoviesApp\/MockingbirdSupport\/UIKit\/UIView.swift","hash":"10e6b03a9c5a76f720c17fcb82af82ff66994926"},{"path":"\/Users\/diegoochoa\/Documents\/test\/condor\/Condor.TheMoviesApp\/MockingbirdSupport\/UIKit\/UIViewController.swift","hash":"bbd8980a22029f339b0e8746124fd06d94730570"}],"name":"Condor.TheMoviesApp","projectHash":"b4bc2932aab2a9cb52f52023117fcc714e520f57"}